
Microsoft Visual Studio Solution File, Format Version 12.00
# Visual Studio 15
VisualStudioVersion = 15.0.28307.271
MinimumVisualStudioVersion = 10.0.40219.1
Project("{FAE04EC0-301F-11D3-BF4B-00C04F79EFBC}") = "WebApplication2", "WebApplication2\WebApplication2.csproj", "{F2790527-7D19-4979-9ACE-075601961CA4}"
EndProject
Global
	GlobalSection(SolutionConfigurationPlatforms) = preSolution
		Debug|Any CPU = Debug|Any CPU
		Release|Any CPU = Release|Any CPU
	EndGlobalSection
	GlobalSection(ProjectConfigurationPlatforms) = postSolution
		{F2790527-7D19-4979-9ACE-075601961CA4}.Debug|Any CPU.ActiveCfg = Debug|Any CPU
		{F2790527-7D19-4979-9ACE-075601961CA4}.Debug|Any CPU.Build.0 = Debug|Any CPU
		{F2790527-7D19-4979-9ACE-075601961CA4}.Release|Any CPU.ActiveCfg = Release|Any CPU
		{F2790527-7D19-4979-9ACE-075601961CA4}.Release|Any CPU.Build.0 = Release|Any CPU
	EndGlobalSection
	GlobalSection(SolutionProperties) = preSolution
		HideSolutionNode = FALSE
	EndGlobalSection
	GlobalSection(ExtensibilityGlobals) = postSolution
		SolutionGuid = {E0DEF929-4222-4868-BE85-A7D89BC3C7BB}
	EndGlobalSection
EndGlobal
